
Microsoft Visual Studio Solution File, Format Version 12.00
# Visual Studio Version 16
VisualStudioVersion = 16.0.30002.166
MinimumVisualStudioVersion = 10.0.40219.1
Project("{9A19103F-16F7-4668-BE54-9A1E7A4F7556}") = "DemoVer1", "DemoVer1\DemoVer1.csproj", "{D8B5C17C-225E-45AF-A451-B97C93887B83}"
EndProject
Project("{FAE04EC0-301F-11D3-BF4B-00C04F79EFBC}") = "Entity", "Entity\Entity.csproj", "{BAA5DA40-8297-4F08-927D-9B385E0DE705}"
EndProject
Global
	GlobalSection(SolutionConfigurationPlatforms) = preSolution
		Debug|Any CPU = Debug|Any CPU
		Release|Any CPU = Release|Any CPU
	EndGlobalSection
	GlobalSection(ProjectConfigurationPlatforms) = postSolution
		{D8B5C17C-225E-45AF-A451-B97C93887B83}.Debug|Any CPU.ActiveCfg = Debug|Any CPU
		{D8B5C17C-225E-45AF-A451-B97C93887B83}.Debug|Any CPU.Build.0 = Debug|Any CPU
		{D8B5C17C-225E-45AF-A451-B97C93887B83}.Release|Any CPU.ActiveCfg = Release|Any CPU
		{D8B5C17C-225E-45AF-A451-B97C93887B83}.Release|Any CPU.Build.0 = Release|Any CPU
		{BAA5DA40-8297-4F08-927D-9B385E0DE705}.Debug|Any CPU.ActiveCfg = Debug|Any CPU
		{BAA5DA40-8297-4F08-927D-9B385E0DE705}.Debug|Any CPU.Build.0 = Debug|Any CPU
		{BAA5DA40-8297-4F08-927D-9B385E0DE705}.Release|Any CPU.ActiveCfg = Release|Any CPU
		{BAA5DA40-8297-4F08-927D-9B385E0DE705}.Release|Any CPU.Build.0 = Release|Any CPU
	EndGlobalSection
	GlobalSection(SolutionProperties) = preSolution
		HideSolutionNode = FALSE
	EndGlobalSection
	GlobalSection(ExtensibilityGlobals) = postSolution
		SolutionGuid = {838AAE9B-E619-4236-AD64-98A7E4F5B2BE}
	EndGlobalSection
EndGlobal
